
Microsoft Visual Studio Solution File, Format Version 12.00
# Visual Studio Version 17
VisualStudioVersion = 17.7.34202.233
MinimumVisualStudioVersion = 10.0.40219.1
Project("{9A19103F-16F7-4668-BE54-9A1E7A4F7556}") = "pekmen", "pekmen.csproj", "{6F3D2962-3044-4ED4-907E-858F7790045C}"
EndProject
Project("{54435603-DBB4-11D2-8724-00A0C9A8B90C}") = "pekmen_setap", "..\pekmen_setap\pekmen_setap.vdproj", "{D7589F55-68A8-4A4F-858D-CF692D563416}"
EndProject
Global
	GlobalSection(SolutionConfigurationPlatforms) = preSolution
		Debug|Any CPU = Debug|Any CPU
		Release|Any CPU = Release|Any CPU
	EndGlobalSection
	GlobalSection(ProjectConfigurationPlatforms) = postSolution
		{6F3D2962-3044-4ED4-907E-858F7790045C}.Debug|Any CPU.ActiveCfg = Debug|Any CPU
		{6F3D2962-3044-4ED4-907E-858F7790045C}.Debug|Any CPU.Build.0 = Debug|Any CPU
		{6F3D2962-3044-4ED4-907E-858F7790045C}.Release|Any CPU.ActiveCfg = Release|Any CPU
		{6F3D2962-3044-4ED4-907E-858F7790045C}.Release|Any CPU.Build.0 = Release|Any CPU
		{D7589F55-68A8-4A4F-858D-CF692D563416}.Debug|Any CPU.ActiveCfg = Debug
		{D7589F55-68A8-4A4F-858D-CF692D563416}.Release|Any CPU.ActiveCfg = Release
	EndGlobalSection
	GlobalSection(SolutionProperties) = preSolution
		HideSolutionNode = FALSE
	EndGlobalSection
	GlobalSection(ExtensibilityGlobals) = postSolution
		SolutionGuid = {7290F5EC-40C6-4DFE-BC38-73F16378171C}
	EndGlobalSection
EndGlobal
